
Microsoft Visual Studio Solution File, Format Version 12.00
# Visual Studio Version 17
VisualStudioVersion = 17.4.33213.308
MinimumVisualStudioVersion = 10.0.40219.1
Project("{FAE04EC0-301F-11D3-BF4B-00C04F79EFBC}") = "ReactTasker", "ReactTasker\ReactTasker.csproj", "{B2B91798-9D13-4D24-9A9A-18B7D2E3EE05}"
EndProject
Global
	GlobalSection(SolutionConfigurationPlatforms) = preSolution
		Debug|Any CPU = Debug|Any CPU
		Release|Any CPU = Release|Any CPU
	EndGlobalSection
	GlobalSection(ProjectConfigurationPlatforms) = postSolution
		{B2B91798-9D13-4D24-9A9A-18B7D2E3EE05}.Debug|Any CPU.ActiveCfg = Debug|Any CPU
		{B2B91798-9D13-4D24-9A9A-18B7D2E3EE05}.Debug|Any CPU.Build.0 = Debug|Any CPU
		{B2B91798-9D13-4D24-9A9A-18B7D2E3EE05}.Release|Any CPU.ActiveCfg = Release|Any CPU
		{B2B91798-9D13-4D24-9A9A-18B7D2E3EE05}.Release|Any CPU.Build.0 = Release|Any CPU
	EndGlobalSection
	GlobalSection(SolutionProperties) = preSolution
		HideSolutionNode = FALSE
	EndGlobalSection
	GlobalSection(ExtensibilityGlobals) = postSolution
		SolutionGuid = {EB6009A9-C669-40A5-A149-B026FF48D83B}
	EndGlobalSection
EndGlobal
